
Microsoft Visual Studio Solution File, Format Version 12.00
# Visual Studio Version 16
VisualStudioVersion = 16.0.30114.105
MinimumVisualStudioVersion = 10.0.40219.1
Project("{2150E333-8FDC-42A3-9474-1A3956D46DE8}") = "src", "src", "{84238EF1-6509-48D8-B2BF-2EBFC0CCB643}"
EndProject
Project("{FAE04EC0-301F-11D3-BF4B-00C04F79EFBC}") = "esrmnt.pelican.common", "src\esrmnt.pelican.common\esrmnt.pelican.common.csproj", "{8AA06D0B-FB55-4A85-BCCD-8FE735797EB3}"
EndProject
Project("{2150E333-8FDC-42A3-9474-1A3956D46DE8}") = "tests", "tests", "{6E28CF6F-BBAF-4BE2-8146-6D090F047347}"
EndProject
Project("{FAE04EC0-301F-11D3-BF4B-00C04F79EFBC}") = "esrmnt.pelican.tests", "tests\esrmnt.pelican.tests\esrmnt.pelican.tests.csproj", "{6129916C-0615-49F1-BA31-F84DB4AADEE9}"
EndProject
Global
	GlobalSection(SolutionConfigurationPlatforms) = preSolution
		Debug|Any CPU = Debug|Any CPU
		Release|Any CPU = Release|Any CPU
	EndGlobalSection
	GlobalSection(SolutionProperties) = preSolution
		HideSolutionNode = FALSE
	EndGlobalSection
	GlobalSection(ProjectConfigurationPlatforms) = postSolution
		{8AA06D0B-FB55-4A85-BCCD-8FE735797EB3}.Debug|Any CPU.ActiveCfg = Debug|Any CPU
		{8AA06D0B-FB55-4A85-BCCD-8FE735797EB3}.Debug|Any CPU.Build.0 = Debug|Any CPU
		{8AA06D0B-FB55-4A85-BCCD-8FE735797EB3}.Release|Any CPU.ActiveCfg = Release|Any CPU
		{8AA06D0B-FB55-4A85-BCCD-8FE735797EB3}.Release|Any CPU.Build.0 = Release|Any CPU
		{6129916C-0615-49F1-BA31-F84DB4AADEE9}.Debug|Any CPU.ActiveCfg = Debug|Any CPU
		{6129916C-0615-49F1-BA31-F84DB4AADEE9}.Debug|Any CPU.Build.0 = Debug|Any CPU
		{6129916C-0615-49F1-BA31-F84DB4AADEE9}.Release|Any CPU.ActiveCfg = Release|Any CPU
		{6129916C-0615-49F1-BA31-F84DB4AADEE9}.Release|Any CPU.Build.0 = Release|Any CPU
	EndGlobalSection
	GlobalSection(NestedProjects) = preSolution
		{8AA06D0B-FB55-4A85-BCCD-8FE735797EB3} = {84238EF1-6509-48D8-B2BF-2EBFC0CCB643}
		{6129916C-0615-49F1-BA31-F84DB4AADEE9} = {6E28CF6F-BBAF-4BE2-8146-6D090F047347}
	EndGlobalSection
EndGlobal
